// !$*UTF8*$!
{
	archiveVersion = 1;
	classes = {
	};
	objectVersion = 50;
	objects = {

/* Begin PBXBuildFile section */
		514673172194AC9000C3FD30 /* PlaySoundsViewController.swift in Sources */ = {isa = PBXBuildFile; fileRef = 514673162194AC9000C3FD30 /* PlaySoundsViewController.swift */; };
		5154B2B02194F4C1009D486A /* playsoundsviewcontroller-audio.swift in Sources */ = {isa = PBXBuildFile; fileRef = 5154B2AF2194F4C1009D486A /* playsoundsviewcontroller-audio.swift */; };
		518EDF01218BC7E900F3186E /* AppDelegate.swift in Sources */ = {isa = PBXBuildFile; fileRef = 518EDF00218BC7E900F3186E /* AppDelegate.swift */; };
		518EDF03218BC7E900F3186E /* RecordSoundsViewController.swift in Sources */ = {isa = PBXBuildFile; fileRef = 518EDF02218BC7E900F3186E /* RecordSoundsViewController.swift */; };
		518EDF06218BC7E900F3186E /* Main.storyboard in Resources */ = {isa = PBXBuildFile; fileRef = 518EDF04218BC7E900F3186E /* Main.storyboard */; };
		518EDF08218BC7EB00F3186E /* Assets.xcassets in Resources */ = {isa = PBXBuildFile; fileRef = 518EDF07218BC7EB00F3186E /* Assets.xcassets */; };
		518EDF0B218BC7EB00F3186E /* LaunchScreen.storyboard in Resources */ = {isa = PBXBuildFile; fileRef = 518EDF09218BC7EB00F3186E /* LaunchScreen.storyboard */; };
		518EDF16218BC7EB00F3186E /* PitchPerfectTests.swift in Sources */ = {isa = PBXBuildFile; fileRef = 518EDF15218BC7EB00F3186E /* PitchPerfectTests.swift */; };
		518EDF21218BC7EB00F3186E /* PitchPerfectUITests.swift in Sources */ = {isa = PBXBuildFile; fileRef = 518EDF20218BC7EB00F3186E /* PitchPerfectUITests.swift */; };
/* End PBXBuildFile section */

/* Begin PBXContainerItemProxy section */
		518EDF12218BC7EB00F3186E /* PBXContainerItemProxy */ = {
			isa = PBXContainerItemProxy;
			containerPortal = 518EDEF5218BC7E900F3186E /* Project object */;
			proxyType = 1;
			remoteGlobalIDString = 518EDEFC218BC7E900F3186E;
			remoteInfo = PitchPerfect;
		};
		518EDF1D218BC7EB00F3186E /* PBXContainerItemProxy */ = {
			isa = PBXContainerItemProxy;
			containerPortal = 518EDEF5218BC7E900F3186E /* Project object */;
			proxyType = 1;
			remoteGlobalIDString = 518EDEFC218BC7E900F3186E;
			remoteInfo = PitchPerfect;
		};
/* End PBXContainerItemProxy section */

/* Begin PBXFileReference section */
		514673162194AC9000C3FD30 /* PlaySoundsViewController.swift */ = {isa = PBXFileReference; lastKnownFileType = sourcecode.swift; path = PlaySoundsViewController.swift; sourceTree = "<group>"; };
		5154B2AF2194F4C1009D486A /* playsoundsviewcontroller-audio.swift */ = {isa = PBXFileReference; fileEncoding = 4; lastKnownFileType = sourcecode.swift; path = "playsoundsviewcontroller-audio.swift"; sourceTree = "<group>"; };
		518EDEFD218BC7E900F3186E /* PitchPerfect.app */ = {isa = PBXFileReference; explicitFileType = wrapper.application; includeInIndex = 0; path = PitchPerfect.app; sourceTree = BUILT_PRODUCTS_DIR; };
		518EDF00218BC7E900F3186E /* AppDelegate.swift */ = {isa = PBXFileReference; lastKnownFileType = sourcecode.swift; path = AppDelegate.swift; sourceTree = "<group>"; };
		518EDF02218BC7E900F3186E /* RecordSoundsViewController.swift */ = {isa = PBXFileReference; lastKnownFileType = sourcecode.swift; path = RecordSoundsViewController.swift; sourceTree = "<group>"; };
		518EDF05218BC7E900F3186E /* Base */ = {isa = PBXFileReference; lastKnownFileType = file.storyboard; name = Base; path = Base.lproj/Main.storyboard; sourceTree = "<group>"; };
		518EDF07218BC7EB00F3186E /* Assets.xcassets */ = {isa = PBXFileReference; lastKnownFileType = folder.assetcatalog; path = Assets.xcassets; sourceTree = "<group>"; };
		518EDF0A218BC7EB00F3186E /* Base */ = {isa = PBXFileReference; lastKnownFileType = file.storyboard; name = Base; path = Base.lproj/LaunchScreen.storyboard; sourceTree = "<group>"; };
		518EDF0C218BC7EB00F3186E /* Info.plist */ = {isa = PBXFileReference; lastKnownFileType = text.plist.xml; path = Info.plist; sourceTree = "<group>"; };
		518EDF11218BC7EB00F3186E /* PitchPerfectTests.xctest */ = {isa = PBXFileReference; explicitFileType = wrapper.cfbundle; includeInIndex = 0; path = PitchPerfectTests.xctest; sourceTree = BUILT_PRODUCTS_DIR; };
		518EDF15218BC7EB00F3186E /* PitchPerfectTests.swift */ = {isa = PBXFileReference; lastKnownFileType = sourcecode.swift; path = PitchPerfectTests.swift; sourceTree = "<group>"; };
		518EDF17218BC7EB00F3186E /* Info.plist */ = {isa = PBXFileReference; lastKnownFileType = text.plist.xml; path = Info.plist; sourceTree = "<group>"; };
		518EDF1C218BC7EB00F3186E /* PitchPerfectUITests.xctest */ = {isa = PBXFileReference; explicitFileType = wrapper.cfbundle; includeInIndex = 0; path = PitchPerfectUITests.xctest; sourceTree = BUILT_PRODUCTS_DIR; };
		518EDF20218BC7EB00F3186E /* PitchPerfectUITests.swift */ = {isa = PBXFileReference; lastKnownFileType = sourcecode.swift; path = PitchPerfectUITests.swift; sourceTree = "<group>"; };
		518EDF22218BC7EB00F3186E /* Info.plist */ = {isa = PBXFileReference; lastKnownFileType = text.plist.xml; path = Info.plist; sourceTree = "<group>"; };
/* End PBXFileReference section */

/* Begin PBXFrameworksBuildPhase section */
		518EDEFA218BC7E900F3186E /* Frameworks */ = {
			isa = PBXFrameworksBuildPhase;
			buildActionMask = 2147483647;
			files = (
			);
			runOnlyForDeploymentPostprocessing = 0;
		};
		518EDF0E218BC7EB00F3186E /* Frameworks */ = {
			isa = PBXFrameworksBuildPhase;
			buildActionMask = 2147483647;
			files = (
			);
			runOnlyForDeploymentPostprocessing = 0;
		};
		518EDF19218BC7EB00F3186E /* Frameworks */ = {
			isa = PBXFrameworksBuildPhase;
			buildActionMask = 2147483647;
			files = (
			);
			runOnlyForDeploymentPostprocessing = 0;
		};
/* End PBXFrameworksBuildPhase section */

/* Begin PBXGroup section */
		518EDEF4218BC7E900F3186E = {
			isa = PBXGroup;
			children = (
				518EDEFF218BC7E900F3186E /* PitchPerfect */,
				518EDF14218BC7EB00F3186E /* PitchPerfectTests */,
				518EDF1F218BC7EB00F3186E /* PitchPerfectUITests */,
				518EDEFE218BC7E900F3186E /* Products */,
			);
			sourceTree = "<group>";
		};
		518EDEFE218BC7E900F3186E /* Products */ = {
			isa = PBXGroup;
			children = (
				518EDEFD218BC7E900F3186E /* PitchPerfect.app */,
				518EDF11218BC7EB00F3186E /* PitchPerfectTests.xctest */,
				518EDF1C218BC7EB00F3186E /* PitchPerfectUITests.xctest */,
			);
			name = Products;
			sourceTree = "<group>";
		};
		518EDEFF218BC7E900F3186E /* PitchPerfect */ = {
			isa = PBXGroup;
			children = (
				518EDF00218BC7E900F3186E /* AppDelegate.swift */,
				518EDF02218BC7E900F3186E /* RecordSoundsViewController.swift */,
				518EDF04218BC7E900F3186E /* Main.storyboard */,
				518EDF07218BC7EB00F3186E /* Assets.xcassets */,
				518EDF09218BC7EB00F3186E /* LaunchScreen.storyboard */,
				518EDF0C218BC7EB00F3186E /* Info.plist */,
				514673162194AC9000C3FD30 /* PlaySoundsViewController.swift */,
				5154B2AF2194F4C1009D486A /* playsoundsviewcontroller-audio.swift */,
			);
			path = PitchPerfect;
			sourceTree = "<group>";
		};
		518EDF14218BC7EB00F3186E /* PitchPerfectTests */ = {
			isa = PBXGroup;
			children = (
				518EDF15218BC7EB00F3186E /* PitchPerfectTests.swift */,
				518EDF17218BC7EB00F3186E /* Info.plist */,
			);
			path = PitchPerfectTests;
			sourceTree = "<group>";
		};
		518EDF1F218BC7EB00F3186E /* PitchPerfectUITests */ = {
			isa = PBXGroup;
			children = (
				518EDF20218BC7EB00F3186E /* PitchPerfectUITests.swift */,
				518EDF22218BC7EB00F3186E /* Info.plist */,
			);
			path = PitchPerfectUITests;
			sourceTree = "<group>";
		};
/* End PBXGroup section */

/* Begin PBXNativeTarget section */
		518EDEFC218BC7E900F3186E /* PitchPerfect */ = {
			isa = PBXNativeTarget;
			buildConfigurationList = 518EDF25218BC7EB00F3186E /* Build configuration list for PBXNativeTarget "PitchPerfect" */;
			buildPhases = (
				518EDEF9218BC7E900F3186E /* Sources */,
				518EDEFA218BC7E900F3186E /* Frameworks */,
				518EDEFB218BC7E900F3186E /* Resources */,
			);
			buildRules = (
			);
			dependencies = (
			);
			name = PitchPerfect;
			productName = PitchPerfect;
			productReference = 518EDEFD218BC7E900F3186E /* PitchPerfect.app */;
			productType = "com.apple.product-type.application";
		};
		518EDF10218BC7EB00F3186E /* PitchPerfectTests */ = {
			isa = PBXNativeTarget;
			buildConfigurationList = 518EDF28218BC7EB00F3186E /* Build configuration list for PBXNativeTarget "PitchPerfectTests" */;
			buildPhases = (
				518EDF0D218BC7EB00F3186E /* Sources */,
				518EDF0E218BC7EB00F3186E /* Frameworks */,
				518EDF0F218BC7EB00F3186E /* Resources */,
			);
			buildRules = (
			);
			dependencies = (
				518EDF13218BC7EB00F3186E /* PBXTargetDependency */,
			);
			name = PitchPerfectTests;
			productName = PitchPerfectTests;
			productReference = 518EDF11218BC7EB00F3186E /* PitchPerfectTests.xctest */;
			productType = "com.apple.product-type.bundle.unit-test";
		};
		518EDF1B218BC7EB00F3186E /* PitchPerfectUITests */ = {
			isa = PBXNativeTarget;
			buildConfigurationList = 518EDF2B218BC7EB00F3186E /* Build configuration list for PBXNativeTarget "PitchPerfectUITests" */;
			buildPhases = (
				518EDF18218BC7EB00F3186E /* Sources */,
				518EDF19218BC7EB00F3186E /* Frameworks */,
				518EDF1A218BC7EB00F3186E /* Resources */,
			);
			buildRules = (
			);
			dependencies = (
				518EDF1E218BC7EB00F3186E /* PBXTargetDependency */,
			);
			name = PitchPerfectUITests;
			productName = PitchPerfectUITests;
			productReference = 518EDF1C218BC7EB00F3186E /* PitchPerfectUITests.xctest */;
			productType = "com.apple.product-type.bundle.ui-testing";
		};
/* End PBXNativeTarget section */

/* Begin PBXProject section */
		518EDEF5218BC7E900F3186E /* Project object */ = {
			isa = PBXProject;
			attributes = {
				LastSwiftUpdateCheck = 1010;
				LastUpgradeCheck = 1010;
				ORGANIZATIONNAME = khawlah;
				TargetAttributes = {
					518EDEFC218BC7E900F3186E = {
						CreatedOnToolsVersion = 10.1;
					};
					518EDF10218BC7EB00F3186E = {
						CreatedOnToolsVersion = 10.1;
						TestTargetID = 518EDEFC218BC7E900F3186E;
					};
					518EDF1B218BC7EB00F3186E = {
						CreatedOnToolsVersion = 10.1;
						TestTargetID = 518EDEFC218BC7E900F3186E;
					};
				};
			};
			buildConfigurationList = 518EDEF8218BC7E900F3186E /* Build configuration list for PBXProject "PitchPerfect" */;
			compatibilityVersion = "Xcode 9.3";
			developmentRegion = en;
			hasScannedForEncodings = 0;
			knownRegions = (
				en,
				Base,
			);
			mainGroup = 518EDEF4218BC7E900F3186E;
			productRefGroup = 518EDEFE218BC7E900F3186E /* Products */;
			projectDirPath = "";
			projectRoot = "";
			targets = (
				518EDEFC218BC7E900F3186E /* PitchPerfect */,
				518EDF10218BC7EB00F3186E /* PitchPerfectTests */,
				518EDF1B218BC7EB00F3186E /* PitchPerfectUITests */,
			);
		};
/* End PBXProject section */

/* Begin PBXResourcesBuildPhase section */
		518EDEFB218BC7E900F3186E /* Resources */ = {
			isa = PBXResourcesBuildPhase;
			buildActionMask = 2147483647;
			files = (
				518EDF0B218BC7EB00F3186E /* LaunchScreen.storyboard in Resources */,
				518EDF08218BC7EB00F3186E /* Assets.xcassets in Resources */,
				518EDF06218BC7E900F3186E /* Main.storyboard in Resources */,
			);
			runOnlyForDeploymentPostprocessing = 0;
		};
		518EDF0F218BC7EB00F3186E /* Resources */ = {
			isa = PBXResourcesBuildPhase;
			buildActionMask = 2147483647;
			files = (
			);
			runOnlyForDeploymentPostprocessing = 0;
		};
		518EDF1A218BC7EB00F3186E /* Resources */ = {
			isa = PBXResourcesBuildPhase;
			buildActionMask = 2147483647;
			files = (
			);
			runOnlyForDeploymentPostprocessing = 0;
		};
/* End PBXResourcesBuildPhase section */

/* Begin PBXSourcesBuildPhase section */
		518EDEF9218BC7E900F3186E /* Sources */ = {
			isa = PBXSourcesBuildPhase;
			buildActionMask = 2147483647;
			files = (
				518EDF03218BC7E900F3186E /* RecordSoundsViewController.swift in Sources */,
				514673172194AC9000C3FD30 /* PlaySoundsViewController.swift in Sources */,
				518EDF01218BC7E900F3186E /* AppDelegate.swift in Sources */,
				5154B2B02194F4C1009D486A /* playsoundsviewcontroller-audio.swift in Sources */,
			);
			runOnlyForDeploymentPostprocessing = 0;
		};
		518EDF0D218BC7EB00F3186E /* Sources */ = {
			isa = PBXSourcesBuildPhase;
			buildActionMask = 2147483647;
			files = (
				518EDF16218BC7EB00F3186E /* PitchPerfectTests.swift in Sources */,
			);
			runOnlyForDeploymentPostprocessing = 0;
		};
		518EDF18218BC7EB00F3186E /* Sources */ = {
			isa = PBXSourcesBuildPhase;
			buildActionMask = 2147483647;
			files = (
				518EDF21218BC7EB00F3186E /* PitchPerfectUITests.swift in Sources */,
			);
			runOnlyForDeploymentPostprocessing = 0;
		};
/* End PBXSourcesBuildPhase section */

/* Begin PBXTargetDependency section */
		518EDF13218BC7EB00F3186E /* PBXTargetDependency */ = {
			isa = PBXTargetDependency;
			target = 518EDEFC218BC7E900F3186E /* PitchPerfect */;
			targetProxy = 518EDF12218BC7EB00F3186E /* PBXContainerItemProxy */;
		};
		518EDF1E218BC7EB00F3186E /* PBXTargetDependency */ = {
			isa = PBXTargetDependency;
			target = 518EDEFC218BC7E900F3186E /* PitchPerfect */;
			targetProxy = 518EDF1D218BC7EB00F3186E /* PBXContainerItemProxy */;
		};
/* End PBXTargetDependency section */

/* Begin PBXVariantGroup section */
		518EDF04218BC7E900F3186E /* Main.storyboard */ = {
			isa = PBXVariantGroup;
			children = (
				518EDF05218BC7E900F3186E /* Base */,
			);
			name = Main.storyboard;
			sourceTree = "<group>";
		};
		518EDF09218BC7EB00F3186E /* LaunchScreen.storyboard */ = {
			isa = PBXVariantGroup;
			children = (
				518EDF0A218BC7EB00F3186E /* Base */,
			);
			name = LaunchScreen.storyboard;
			sourceTree = "<group>";
		};
/* End PBXVariantGroup section */

/* Begin XCBuildConfiguration section */
		518EDF23218BC7EB00F3186E /* Debug */ = {
			isa = XCBuildConfiguration;
			buildSettings = {
				ALWAYS_SEARCH_USER_PATHS = NO;
				CLANG_ANALYZER_NONNULL = YES;
				CLANG_ANALYZER_NUMBER_OBJECT_CONVERSION = YES_AGGRESSIVE;
				CLANG_CXX_LANGUAGE_STANDARD = "gnu++14";
				CLANG_CXX_LIBRARY = "libc++";
				CLANG_ENABLE_MODULES = YES;
				CLANG_ENABLE_OBJC_ARC = YES;
				CLANG_ENABLE_OBJC_WEAK = YES;
				CLANG_WARN_BLOCK_CAPTURE_AUTORELEASING = YES;
				CLANG_WARN_BOOL_CONVERSION = YES;
				CLANG_WARN_COMMA = YES;
				CLANG_WARN_CONSTANT_CONVERSION = YES;
				CLANG_WARN_DEPRECATED_OBJC_IMPLEMENTATIONS = YES;
				CLANG_WARN_DIRECT_OBJC_ISA_USAGE = YES_ERROR;
				CLANG_WARN_DOCUMENTATION_COMMENTS = YES;
				CLANG_WARN_EMPTY_BODY = YES;
				CLANG_WARN_ENUM_CONVERSION = YES;
				CLANG_WARN_INFINITE_RECURSION = YES;
				CLANG_WARN_INT_CONVERSION = YES;
				CLANG_WARN_NON_LITERAL_NULL_CONVERSION = YES;
				CLANG_WARN_OBJC_IMPLICIT_RETAIN_SELF = YES;
				CLANG_WARN_OBJC_LITERAL_CONVERSION = YES;
				CLANG_WARN_OBJC_ROOT_CLASS = YES_ERROR;
				CLANG_WARN_RANGE_LOOP_ANALYSIS = YES;
				CLANG_WARN_STRICT_PROTOTYPES = YES;
				CLANG_WARN_SUSPICIOUS_MOVE = YES;
				CLANG_WARN_UNGUARDED_AVAILABILITY = YES_AGGRESSIVE;
				CLANG_WARN_UNREACHABLE_CODE = YES;
				CLANG_WARN__DUPLICATE_METHOD_MATCH = YES;
				CODE_SIGN_IDENTITY = "iPhone Developer";
				COPY_PHASE_STRIP = NO;
				DEBUG_INFORMATION_FORMAT = dwarf;
				ENABLE_STRICT_OBJC_MSGSEND = YES;
				ENABLE_TESTABILITY = YES;
				GCC_C_LANGUAGE_STANDARD = gnu11;
				GCC_DYNAMIC_NO_PIC = NO;
				GCC_NO_COMMON_BLOCKS = YES;
				GCC_OPTIMIZATION_LEVEL = 0;
				GCC_PREPROCESSOR_DEFINITIONS = (
					"DEBUG=1",
					"$(inherited)",
				);
				GCC_WARN_64_TO_32_BIT_CONVERSION = YES;
				GCC_WARN_ABOUT_RETURN_TYPE = YES_ERROR;
				GCC_WARN_UNDECLARED_SELECTOR = YES;
				GCC_WARN_UNINITIALIZED_AUTOS = YES_AGGRESSIVE;
				GCC_WARN_UNUSED_FUNCTION = YES;
				GCC_WARN_UNUSED_VARIABLE = YES;
				IPHONEOS_DEPLOYMENT_TARGET = 12.1;
				MTL_ENABLE_DEBUG_INFO = INCLUDE_SOURCE;
				MTL_FAST_MATH = YES;
				ONLY_ACTIVE_ARCH = YES;
				SDKROOT = iphoneos;
				SWIFT_ACTIVE_COMPILATION_CONDITIONS = DEBUG;
				SWIFT_OPTIMIZATION_LEVEL = "-Onone";
			};
			name = Debug;
		};
		518EDF24218BC7EB00F3186E /* Release */ = {
			isa = XCBuildConfiguration;
			buildSettings = {
				ALWAYS_SEARCH_USER_PATHS = NO;
				CLANG_ANALYZER_NONNULL = YES;
				CLANG_ANALYZER_NUMBER_OBJECT_CONVERSION = YES_AGGRESSIVE;
				CLANG_CXX_LANGUAGE_STANDARD = "gnu++14";
				CLANG_CXX_LIBRARY = "libc++";
				CLANG_ENABLE_MODULES = YES;
				CLANG_ENABLE_OBJC_ARC = YES;
				CLANG_ENABLE_OBJC_WEAK = YES;
				CLANG_WARN_BLOCK_CAPTURE_AUTORELEASING = YES;
				CLANG_WARN_BOOL_CONVERSION = YES;
				CLANG_WARN_COMMA = YES;
				CLANG_WARN_CONSTANT_CONVERSION = YES;
				CLANG_WARN_DEPRECATED_OBJC_IMPLEMENTATIONS = YES;
				CLANG_WARN_DIRECT_OBJC_ISA_USAGE = YES_ERROR;
				CLANG_WARN_DOCUMENTATION_COMMENTS = YES;
				CLANG_WARN_EMPTY_BODY = YES;
				CLANG_WARN_ENUM_CONVERSION = YES;
				CLANG_WARN_INFINITE_RECURSION = YES;
				CLANG_WARN_INT_CONVERSION = YES;
				CLANG_WARN_NON_LITERAL_NULL_CONVERSION = YES;
				CLANG_WARN_OBJC_IMPLICIT_RETAIN_SELF = YES;
				CLANG_WARN_OBJC_LITERAL_CONVERSION = YES;
				CLANG_WARN_OBJC_ROOT_CLASS = YES_ERROR;
				CLANG_WARN_RANGE_LOOP_ANALYSIS = YES;
				CLANG_WARN_STRICT_PROTOTYPES = YES;
				CLANG_WARN_SUSPICIOUS_MOVE = YES;
				CLANG_WARN_UNGUARDED_AVAILABILITY = YES_AGGRESSIVE;
				CLANG_WARN_UNREACHABLE_CODE = YES;
				CLANG_WARN__DUPLICATE_METHOD_MATCH = YES;
				CODE_SIGN_IDENTITY = "iPhone Developer";
				COPY_PHASE_STRIP = NO;
				DEBUG_INFORMATION_FORMAT = "dwarf-with-dsym";
				ENABLE_NS_ASSERTIONS = NO;
				ENABLE_STRICT_OBJC_MSGSEND = YES;
				GCC_C_LANGUAGE_STANDARD = gnu11;
				GCC_NO_COMMON_BLOCKS = YES;
				GCC_WARN_64_TO_32_BIT_CONVERSION = YES;
				GCC_WARN_ABOUT_RETURN_TYPE = YES_ERROR;
				GCC_WARN_UNDECLARED_SELECTOR = YES;
				GCC_WARN_UNINITIALIZED_AUTOS = YES_AGGRESSIVE;
				GCC_WARN_UNUSED_FUNCTION = YES;
				GCC_WARN_UNUSED_VARIABLE = YES;
				IPHONEOS_DEPLOYMENT_TARGET = 12.1;
				MTL_ENABLE_DEBUG_INFO = NO;
				MTL_FAST_MATH = YES;
				SDKROOT = iphoneos;
				SWIFT_COMPILATION_MODE = wholemodule;
				SWIFT_OPTIMIZATION_LEVEL = "-O";
				VALIDATE_PRODUCT = YES;
			};
			name = Release;
		};
		518EDF26218BC7EB00F3186E /* Debug */ = {
			isa = XCBuildConfiguration;
			buildSettings = {
				ASSETCATALOG_COMPILER_APPICON_NAME = AppIcon;
				CODE_SIGN_STYLE = Manual;
				DEVELOPMENT_TEAM = "";
				INFOPLIST_FILE = PitchPerfect/Info.plist;
				LD_RUNPATH_SEARCH_PATHS = (
					"$(inherited)",
					"@executable_path/Frameworks",
				);
				PRODUCT_BUNDLE_IDENTIFIER = com.khawlah.PitchPerfect;
				PRODUCT_NAME = "$(TARGET_NAME)";
				PROVISIONING_PROFILE_SPECIFIER = "";
				SWIFT_VERSION = 4.2;
				TARGETED_DEVICE_FAMILY = "1,2";
			};
			name = Debug;
		};
		518EDF27218BC7EB00F3186E /* Release */ = {
			isa = XCBuildConfiguration;
			buildSettings = {
				ASSETCATALOG_COMPILER_APPICON_NAME = AppIcon;
				CODE_SIGN_STYLE = Manual;
				DEVELOPMENT_TEAM = "";
				INFOPLIST_FILE = PitchPerfect/Info.plist;
				LD_RUNPATH_SEARCH_PATHS = (
					"$(inherited)",
					"@executable_path/Frameworks",
				);
				PRODUCT_BUNDLE_IDENTIFIER = com.khawlah.PitchPerfect;
				PRODUCT_NAME = "$(TARGET_NAME)";
				PROVISIONING_PROFILE_SPECIFIER = "";
				SWIFT_VERSION = 4.2;
				TARGETED_DEVICE_FAMILY = "1,2";
			};
			name = Release;
		};
		518EDF29218BC7EB00F3186E /* Debug */ = {
			isa = XCBuildConfiguration;
			buildSettings = {
				ALWAYS_EMBED_SWIFT_STANDARD_LIBRARIES = YES;
				BUNDLE_LOADER = "$(TEST_HOST)";
				CODE_SIGN_STYLE = Automatic;
				INFOPLIST_FILE = PitchPerfectTests/Info.plist;
				LD_RUNPATH_SEARCH_PATHS = (
					"$(inherited)",
					"@executable_path/Frameworks",
					"@loader_path/Frameworks",
				);
				PRODUCT_BUNDLE_IDENTIFIER = com.khawlah.PitchPerfectTests;
				PRODUCT_NAME = "$(TARGET_NAME)";
				SWIFT_VERSION = 4.2;
				TARGETED_DEVICE_FAMILY = "1,2";
				TEST_HOST = "$(BUILT_PRODUCTS_DIR)/PitchPerfect.app/PitchPerfect";
			};
			name = Debug;
		};
		518EDF2A218BC7EB00F3186E /* Release */ = {
			isa = XCBuildConfiguration;
			buildSettings = {
				ALWAYS_EMBED_SWIFT_STANDARD_LIBRARIES = YES;
				BUNDLE_LOADER = "$(TEST_HOST)";
				CODE_SIGN_STYLE = Automatic;
				INFOPLIST_FILE = PitchPerfectTests/Info.plist;
				LD_RUNPATH_SEARCH_PATHS = (
					"$(inherited)",
					"@executable_path/Frameworks",
					"@loader_path/Frameworks",
				);
				PRODUCT_BUNDLE_IDENTIFIER = com.khawlah.PitchPerfectTests;
				PRODUCT_NAME = "$(TARGET_NAME)";
				SWIFT_VERSION = 4.2;
				TARGETED_DEVICE_FAMILY = "1,2";
				TEST_HOST = "$(BUILT_PRODUCTS_DIR)/PitchPerfect.app/PitchPerfect";
			};
			name = Release;
		};
		518EDF2C218BC7EB00F3186E /* Debug */ = {
			isa = XCBuildConfiguration;
			buildSettings = {
				ALWAYS_EMBED_SWIFT_STANDARD_LIBRARIES = YES;
				CODE_SIGN_STYLE = Automatic;
				INFOPLIST_FILE = PitchPerfectUITests/Info.plist;
				LD_RUNPATH_SEARCH_PATHS = (
					"$(inherited)",
					"@executable_path/Frameworks",
					"@loader_path/Frameworks",
				);
				PRODUCT_BUNDLE_IDENTIFIER = com.khawlah.PitchPerfectUITests;
				PRODUCT_NAME = "$(TARGET_NAME)";
				SWIFT_VERSION = 4.2;
				TARGETED_DEVICE_FAMILY = "1,2";
				TEST_TARGET_NAME = PitchPerfect;
			};
			name = Debug;
		};
		518EDF2D218BC7EB00F3186E /* Release */ = {
			isa = XCBuildConfiguration;
			buildSettings = {
				ALWAYS_EMBED_SWIFT_STANDARD_LIBRARIES = YES;
				CODE_SIGN_STYLE = Automatic;
				INFOPLIST_FILE = PitchPerfectUITests/Info.plist;
				LD_RUNPATH_SEARCH_PATHS = (
					"$(inherited)",
					"@executable_path/Frameworks",
					"@loader_path/Frameworks",
				);
				PRODUCT_BUNDLE_IDENTIFIER = com.khawlah.PitchPerfectUITests;
				PRODUCT_NAME = "$(TARGET_NAME)";
				SWIFT_VERSION = 4.2;
				TARGETED_DEVICE_FAMILY = "1,2";
				TEST_TARGET_NAME = PitchPerfect;
			};
			name = Release;
		};
/* End XCBuildConfiguration section */

/* Begin XCConfigurationList section */
		518EDEF8218BC7E900F3186E /* Build configuration list for PBXProject "PitchPerfect" */ = {
			isa = XCConfigurationList;
			buildConfigurations = (
				518EDF23218BC7EB00F3186E /* Debug */,
				518EDF24218BC7EB00F3186E /* Release */,
			);
			defaultConfigurationIsVisible = 0;
			defaultConfigurationName = Release;
		};
		518EDF25218BC7EB00F3186E /* Build configuration list for PBXNativeTarget "PitchPerfect" */ = {
			isa = XCConfigurationList;
			buildConfigurations = (
				518EDF26218BC7EB00F3186E /* Debug */,
				518EDF27218BC7EB00F3186E /* Release */,
			);
			defaultConfigurationIsVisible = 0;
			defaultConfigurationName = Release;
		};
		518EDF28218BC7EB00F3186E /* Build configuration list for PBXNativeTarget "PitchPerfectTests" */ = {
			isa = XCConfigurationList;
			buildConfigurations = (
				518EDF29218BC7EB00F3186E /* Debug */,
				518EDF2A218BC7EB00F3186E /* Release */,
			);
			defaultConfigurationIsVisible = 0;
			defaultConfigurationName = Release;
		};
		518EDF2B218BC7EB00F3186E /* Build configuration list for PBXNativeTarget "PitchPerfectUITests" */ = {
			isa = XCConfigurationList;
			buildConfigurations = (
				518EDF2C218BC7EB00F3186E /* Debug */,
				518EDF2D218BC7EB00F3186E /* Release */,
			);
			defaultConfigurationIsVisible = 0;
			defaultConfigurationName = Release;
		};
/* End XCConfigurationList section */
	};
	rootObject = 518EDEF5218BC7E900F3186E /* Project object */;
}
